// !$*UTF8*$!
{
	archiveVersion = 1;
	classes = {
	};
	objectVersion = 77;
	objects = {

/* Begin PBXBuildFile section */
		78E386AF2E07D2B900277C3E /* CydCore in Frameworks */ = {isa = PBXBuildFile; productRef = 78E386AE2E07D2B900277C3E /* CydCore */; };
		78E386B12E07D2BC00277C3E /* FeatureHome in Frameworks */ = {isa = PBXBuildFile; productRef = 78E386B02E07D2BC00277C3E /* FeatureHome */; };
		78E386B32E07D2BD00277C3E /* FeatureHomeInterface in Frameworks */ = {isa = PBXBuildFile; productRef = 78E386B22E07D2BD00277C3E /* FeatureHomeInterface */; };
		78E386CD2E07DD5700277C3E /* CydDesignSystem in Frameworks */ = {isa = PBXBuildFile; productRef = 78E386CC2E07DD5700277C3E /* CydDesignSystem */; };
/* End PBXBuildFile section */

/* Begin PBXContainerItemProxy section */
		78E3855B2E07BDA500277C3E /* PBXContainerItemProxy */ = {
			isa = PBXContainerItemProxy;
			containerPortal = 78E3853C2E07BDA400277C3E /* Project object */;
			proxyType = 1;
			remoteGlobalIDString = 78E385432E07BDA400277C3E;
			remoteInfo = CydAssignment;
		};
		78E385652E07BDA500277C3E /* PBXContainerItemProxy */ = {
			isa = PBXContainerItemProxy;
			containerPortal = 78E3853C2E07BDA400277C3E /* Project object */;
			proxyType = 1;
			remoteGlobalIDString = 78E385432E07BDA400277C3E;
			remoteInfo = CydAssignment;
		};
/* End PBXContainerItemProxy section */

/* Begin PBXFileReference section */
		78E385442E07BDA400277C3E /* CydAssignment.app */ = {isa = PBXFileReference; explicitFileType = wrapper.application; includeInIndex = 0; path = CydAssignment.app; sourceTree = BUILT_PRODUCTS_DIR; };
		78E3855A2E07BDA500277C3E /* CydAssignmentTests.xctest */ = {isa = PBXFileReference; explicitFileType = wrapper.cfbundle; includeInIndex = 0; path = CydAssignmentTests.xctest; sourceTree = BUILT_PRODUCTS_DIR; };
		78E385642E07BDA500277C3E /* CydAssignmentUITests.xctest */ = {isa = PBXFileReference; explicitFileType = wrapper.cfbundle; includeInIndex = 0; path = CydAssignmentUITests.xctest; sourceTree = BUILT_PRODUCTS_DIR; };
/* End PBXFileReference section */

/* Begin PBXFileSystemSynchronizedBuildFileExceptionSet section */
		78E3856C2E07BDA500277C3E /* Exceptions for "CydAssignment" folder in "CydAssignment" target */ = {
			isa = PBXFileSystemSynchronizedBuildFileExceptionSet;
			membershipExceptions = (
				Resources/Info.plist,
			);
			target = 78E385432E07BDA400277C3E /* CydAssignment */;
		};
/* End PBXFileSystemSynchronizedBuildFileExceptionSet section */

/* Begin PBXFileSystemSynchronizedRootGroup section */
		78E385462E07BDA400277C3E /* CydAssignment */ = {
			isa = PBXFileSystemSynchronizedRootGroup;
			exceptions = (
				78E3856C2E07BDA500277C3E /* Exceptions for "CydAssignment" folder in "CydAssignment" target */,
			);
			path = CydAssignment;
			sourceTree = "<group>";
		};
		78E3855D2E07BDA500277C3E /* CydAssignmentTests */ = {
			isa = PBXFileSystemSynchronizedRootGroup;
			path = CydAssignmentTests;
			sourceTree = "<group>";
		};
		78E385672E07BDA500277C3E /* CydAssignmentUITests */ = {
			isa = PBXFileSystemSynchronizedRootGroup;
			path = CydAssignmentUITests;
			sourceTree = "<group>";
		};
/* End PBXFileSystemSynchronizedRootGroup section */

/* Begin PBXFrameworksBuildPhase section */
		78E385412E07BDA400277C3E /* Frameworks */ = {
			isa = PBXFrameworksBuildPhase;
			buildActionMask = 2147483647;
			files = (
				78E386B12E07D2BC00277C3E /* FeatureHome in Frameworks */,
				78E386B32E07D2BD00277C3E /* FeatureHomeInterface in Frameworks */,
				78E386CD2E07DD5700277C3E /* CydDesignSystem in Frameworks */,
				78E386AF2E07D2B900277C3E /* CydCore in Frameworks */,
			);
			runOnlyForDeploymentPostprocessing = 0;
		};
		78E385572E07BDA500277C3E /* Frameworks */ = {
			isa = PBXFrameworksBuildPhase;
			buildActionMask = 2147483647;
			files = (
			);
			runOnlyForDeploymentPostprocessing = 0;
		};
		78E385612E07BDA500277C3E /* Frameworks */ = {
			isa = PBXFrameworksBuildPhase;
			buildActionMask = 2147483647;
			files = (
			);
			runOnlyForDeploymentPostprocessing = 0;
		};
/* End PBXFrameworksBuildPhase section */

/* Begin PBXGroup section */
		78E3853B2E07BDA400277C3E = {
			isa = PBXGroup;
			children = (
				78E385462E07BDA400277C3E /* CydAssignment */,
				78E3855D2E07BDA500277C3E /* CydAssignmentTests */,
				78E385672E07BDA500277C3E /* CydAssignmentUITests */,
				78E386772E07D20E00277C3E /* Frameworks */,
				78E385452E07BDA400277C3E /* Products */,
			);
			sourceTree = "<group>";
		};
		78E385452E07BDA400277C3E /* Products */ = {
			isa = PBXGroup;
			children = (
				78E385442E07BDA400277C3E /* CydAssignment.app */,
				78E3855A2E07BDA500277C3E /* CydAssignmentTests.xctest */,
				78E385642E07BDA500277C3E /* CydAssignmentUITests.xctest */,
			);
			name = Products;
			sourceTree = "<group>";
		};
		78E386772E07D20E00277C3E /* Frameworks */ = {
			isa = PBXGroup;
			children = (
			);
			name = Frameworks;
			sourceTree = "<group>";
		};
/* End PBXGroup section */

/* Begin PBXNativeTarget section */
		78E385432E07BDA400277C3E /* CydAssignment */ = {
			isa = PBXNativeTarget;
			buildConfigurationList = 78E3856D2E07BDA500277C3E /* Build configuration list for PBXNativeTarget "CydAssignment" */;
			buildPhases = (
				78E385402E07BDA400277C3E /* Sources */,
				78E385412E07BDA400277C3E /* Frameworks */,
				78E385422E07BDA400277C3E /* Resources */,
			);
			buildRules = (
			);
			dependencies = (
			);
			fileSystemSynchronizedGroups = (
				78E385462E07BDA400277C3E /* CydAssignment */,
			);
			name = CydAssignment;
			packageProductDependencies = (
				78E386AE2E07D2B900277C3E /* CydCore */,
				78E386B02E07D2BC00277C3E /* FeatureHome */,
				78E386B22E07D2BD00277C3E /* FeatureHomeInterface */,
				78E386CC2E07DD5700277C3E /* CydDesignSystem */,
			);
			productName = CydAssignment;
			productReference = 78E385442E07BDA400277C3E /* CydAssignment.app */;
			productType = "com.apple.product-type.application";
		};
		78E385592E07BDA500277C3E /* CydAssignmentTests */ = {
			isa = PBXNativeTarget;
			buildConfigurationList = 78E385722E07BDA500277C3E /* Build configuration list for PBXNativeTarget "CydAssignmentTests" */;
			buildPhases = (
				78E385562E07BDA500277C3E /* Sources */,
				78E385572E07BDA500277C3E /* Frameworks */,
				78E385582E07BDA500277C3E /* Resources */,
			);
			buildRules = (
			);
			dependencies = (
				78E3855C2E07BDA500277C3E /* PBXTargetDependency */,
			);
			fileSystemSynchronizedGroups = (
				78E3855D2E07BDA500277C3E /* CydAssignmentTests */,
			);
			name = CydAssignmentTests;
			packageProductDependencies = (
			);
			productName = CydAssignmentTests;
			productReference = 78E3855A2E07BDA500277C3E /* CydAssignmentTests.xctest */;
			productType = "com.apple.product-type.bundle.unit-test";
		};
		78E385632E07BDA500277C3E /* CydAssignmentUITests */ = {
			isa = PBXNativeTarget;
			buildConfigurationList = 78E385752E07BDA500277C3E /* Build configuration list for PBXNativeTarget "CydAssignmentUITests" */;
			buildPhases = (
				78E385602E07BDA500277C3E /* Sources */,
				78E385612E07BDA500277C3E /* Frameworks */,
				78E385622E07BDA500277C3E /* Resources */,
			);
			buildRules = (
			);
			dependencies = (
				78E385662E07BDA500277C3E /* PBXTargetDependency */,
			);
			fileSystemSynchronizedGroups = (
				78E385672E07BDA500277C3E /* CydAssignmentUITests */,
			);
			name = CydAssignmentUITests;
			packageProductDependencies = (
			);
			productName = CydAssignmentUITests;
			productReference = 78E385642E07BDA500277C3E /* CydAssignmentUITests.xctest */;
			productType = "com.apple.product-type.bundle.ui-testing";
		};
/* End PBXNativeTarget section */

/* Begin PBXProject section */
		78E3853C2E07BDA400277C3E /* Project object */ = {
			isa = PBXProject;
			attributes = {
				BuildIndependentTargetsInParallel = 1;
				LastSwiftUpdateCheck = 1620;
				LastUpgradeCheck = 1620;
				TargetAttributes = {
					78E385432E07BDA400277C3E = {
						CreatedOnToolsVersion = 16.2;
					};
					78E385592E07BDA500277C3E = {
						CreatedOnToolsVersion = 16.2;
						TestTargetID = 78E385432E07BDA400277C3E;
					};
					78E385632E07BDA500277C3E = {
						CreatedOnToolsVersion = 16.2;
						TestTargetID = 78E385432E07BDA400277C3E;
					};
				};
			};
			buildConfigurationList = 78E3853F2E07BDA400277C3E /* Build configuration list for PBXProject "CydAssignment" */;
			developmentRegion = ko;
			hasScannedForEncodings = 0;
			knownRegions = (
				Base,
				ko,
			);
			mainGroup = 78E3853B2E07BDA400277C3E;
			minimizedProjectReferenceProxies = 1;
			preferredProjectObjectVersion = 77;
			productRefGroup = 78E385452E07BDA400277C3E /* Products */;
			projectDirPath = "";
			projectRoot = "";
			targets = (
				78E385432E07BDA400277C3E /* CydAssignment */,
				78E385592E07BDA500277C3E /* CydAssignmentTests */,
				78E385632E07BDA500277C3E /* CydAssignmentUITests */,
			);
		};
/* End PBXProject section */

/* Begin PBXResourcesBuildPhase section */
		78E385422E07BDA400277C3E /* Resources */ = {
			isa = PBXResourcesBuildPhase;
			buildActionMask = 2147483647;
			files = (
			);
			runOnlyForDeploymentPostprocessing = 0;
		};
		78E385582E07BDA500277C3E /* Resources */ = {
			isa = PBXResourcesBuildPhase;
			buildActionMask = 2147483647;
			files = (
			);
			runOnlyForDeploymentPostprocessing = 0;
		};
		78E385622E07BDA500277C3E /* Resources */ = {
			isa = PBXResourcesBuildPhase;
			buildActionMask = 2147483647;
			files = (
			);
			runOnlyForDeploymentPostprocessing = 0;
		};
/* End PBXResourcesBuildPhase section */

/* Begin PBXSourcesBuildPhase section */
		78E385402E07BDA400277C3E /* Sources */ = {
			isa = PBXSourcesBuildPhase;
			buildActionMask = 2147483647;
			files = (
			);
			runOnlyForDeploymentPostprocessing = 0;
		};
		78E385562E07BDA500277C3E /* Sources */ = {
			isa = PBXSourcesBuildPhase;
			buildActionMask = 2147483647;
			files = (
			);
			runOnlyForDeploymentPostprocessing = 0;
		};
		78E385602E07BDA500277C3E /* Sources */ = {
			isa = PBXSourcesBuildPhase;
			buildActionMask = 2147483647;
			files = (
			);
			runOnlyForDeploymentPostprocessing = 0;
		};
/* End PBXSourcesBuildPhase section */

/* Begin PBXTargetDependency section */
		78E3855C2E07BDA500277C3E /* PBXTargetDependency */ = {
			isa = PBXTargetDependency;
			target = 78E385432E07BDA400277C3E /* CydAssignment */;
			targetProxy = 78E3855B2E07BDA500277C3E /* PBXContainerItemProxy */;
		};
		78E385662E07BDA500277C3E /* PBXTargetDependency */ = {
			isa = PBXTargetDependency;
			target = 78E385432E07BDA400277C3E /* CydAssignment */;
			targetProxy = 78E385652E07BDA500277C3E /* PBXContainerItemProxy */;
		};
/* End PBXTargetDependency section */

/* Begin XCBuildConfiguration section */
		78E3856E2E07BDA500277C3E /* Debug */ = {
			isa = XCBuildConfiguration;
			buildSettings = {
				ASSETCATALOG_COMPILER_APPICON_NAME = AppIcon;
				ASSETCATALOG_COMPILER_GLOBAL_ACCENT_COLOR_NAME = AccentColor;
				CODE_SIGN_STYLE = Automatic;
				CURRENT_PROJECT_VERSION = 1;
				GENERATE_INFOPLIST_FILE = YES;
				INFOPLIST_FILE = CydAssignment/Resources/Info.plist;
				INFOPLIST_KEY_LSApplicationCategoryType = "public.app-category.shopping";
				INFOPLIST_KEY_UIApplicationSupportsIndirectInputEvents = YES;
				INFOPLIST_KEY_UILaunchStoryboardName = LaunchScreen;
				INFOPLIST_KEY_UISupportedInterfaceOrientations = UIInterfaceOrientationPortrait;
				IPHONEOS_DEPLOYMENT_TARGET = 14.0;
				LD_RUNPATH_SEARCH_PATHS = (
					"$(inherited)",
					"@executable_path/Frameworks",
				);
				MARKETING_VERSION = 1.0;
				PRODUCT_BUNDLE_IDENTIFIER = com.cyeond.CydAssignment;
				PRODUCT_NAME = "$(TARGET_NAME)";
				SUPPORTED_PLATFORMS = "iphoneos iphonesimulator";
				SUPPORTS_MACCATALYST = NO;
				SUPPORTS_XR_DESIGNED_FOR_IPHONE_IPAD = NO;
				SWIFT_EMIT_LOC_STRINGS = YES;
				SWIFT_VERSION = 5.0;
				TARGETED_DEVICE_FAMILY = 1;
			};
			name = Debug;
		};
		78E3856F2E07BDA500277C3E /* Release */ = {
			isa = XCBuildConfiguration;
			buildSettings = {
				ASSETCATALOG_COMPILER_APPICON_NAME = AppIcon;
				ASSETCATALOG_COMPILER_GLOBAL_ACCENT_COLOR_NAME = AccentColor;
				CODE_SIGN_STYLE = Automatic;
				CURRENT_PROJECT_VERSION = 1;
				GENERATE_INFOPLIST_FILE = YES;
				INFOPLIST_FILE = CydAssignment/Resources/Info.plist;
				INFOPLIST_KEY_LSApplicationCategoryType = "public.app-category.shopping";
				INFOPLIST_KEY_UIApplicationSupportsIndirectInputEvents = YES;
				INFOPLIST_KEY_UILaunchStoryboardName = LaunchScreen;
				INFOPLIST_KEY_UISupportedInterfaceOrientations = UIInterfaceOrientationPortrait;
				IPHONEOS_DEPLOYMENT_TARGET = 14.0;
				LD_RUNPATH_SEARCH_PATHS = (
					"$(inherited)",
					"@executable_path/Frameworks",
				);
				MARKETING_VERSION = 1.0;
				PRODUCT_BUNDLE_IDENTIFIER = com.cyeond.CydAssignment;
				PRODUCT_NAME = "$(TARGET_NAME)";
				SUPPORTED_PLATFORMS = "iphoneos iphonesimulator";
				SUPPORTS_MACCATALYST = NO;
				SUPPORTS_XR_DESIGNED_FOR_IPHONE_IPAD = NO;
				SWIFT_EMIT_LOC_STRINGS = YES;
				SWIFT_VERSION = 5.0;
				TARGETED_DEVICE_FAMILY = 1;
			};
			name = Release;
		};
		78E385702E07BDA500277C3E /* Debug */ = {
			isa = XCBuildConfiguration;
			buildSettings = {
				ALWAYS_SEARCH_USER_PATHS = NO;
				ASSETCATALOG_COMPILER_GENERATE_SWIFT_ASSET_SYMBOL_EXTENSIONS = YES;
				CLANG_ANALYZER_LOCALIZABILITY_NONLOCALIZED = YES;
				CLANG_ANALYZER_NONNULL = YES;
				CLANG_ANALYZER_NUMBER_OBJECT_CONVERSION = YES_AGGRESSIVE;
				CLANG_CXX_LANGUAGE_STANDARD = "gnu++20";
				CLANG_ENABLE_MODULES = YES;
				CLANG_ENABLE_OBJC_ARC = YES;
				CLANG_ENABLE_OBJC_WEAK = YES;
				CLANG_WARN_BLOCK_CAPTURE_AUTORELEASING = YES;
				CLANG_WARN_BOOL_CONVERSION = YES;
				CLANG_WARN_COMMA = YES;
				CLANG_WARN_CONSTANT_CONVERSION = YES;
				CLANG_WARN_DEPRECATED_OBJC_IMPLEMENTATIONS = YES;
				CLANG_WARN_DIRECT_OBJC_ISA_USAGE = YES_ERROR;
				CLANG_WARN_DOCUMENTATION_COMMENTS = YES;
				CLANG_WARN_EMPTY_BODY = YES;
				CLANG_WARN_ENUM_CONVERSION = YES;
				CLANG_WARN_INFINITE_RECURSION = YES;
				CLANG_WARN_INT_CONVERSION = YES;
				CLANG_WARN_NON_LITERAL_NULL_CONVERSION = YES;
				CLANG_WARN_OBJC_IMPLICIT_RETAIN_SELF = YES;
				CLANG_WARN_OBJC_LITERAL_CONVERSION = YES;
				CLANG_WARN_OBJC_ROOT_CLASS = YES_ERROR;
				CLANG_WARN_QUOTED_INCLUDE_IN_FRAMEWORK_HEADER = YES;
				CLANG_WARN_RANGE_LOOP_ANALYSIS = YES;
				CLANG_WARN_STRICT_PROTOTYPES = YES;
				CLANG_WARN_SUSPICIOUS_MOVE = YES;
				CLANG_WARN_UNGUARDED_AVAILABILITY = YES_AGGRESSIVE;
				CLANG_WARN_UNREACHABLE_CODE = YES;
				CLANG_WARN__DUPLICATE_METHOD_MATCH = YES;
				COPY_PHASE_STRIP = NO;
				DEBUG_INFORMATION_FORMAT = dwarf;
				ENABLE_STRICT_OBJC_MSGSEND = YES;
				ENABLE_TESTABILITY = YES;
				ENABLE_USER_SCRIPT_SANDBOXING = YES;
				GCC_C_LANGUAGE_STANDARD = gnu17;
				GCC_DYNAMIC_NO_PIC = NO;
				GCC_NO_COMMON_BLOCKS = YES;
				GCC_OPTIMIZATION_LEVEL = 0;
				GCC_PREPROCESSOR_DEFINITIONS = (
					"DEBUG=1",
					"$(inherited)",
				);
				GCC_WARN_64_TO_32_BIT_CONVERSION = YES;
				GCC_WARN_ABOUT_RETURN_TYPE = YES_ERROR;
				GCC_WARN_UNDECLARED_SELECTOR = YES;
				GCC_WARN_UNINITIALIZED_AUTOS = YES_AGGRESSIVE;
				GCC_WARN_UNUSED_FUNCTION = YES;
				GCC_WARN_UNUSED_VARIABLE = YES;
				IPHONEOS_DEPLOYMENT_TARGET = 18.2;
				LOCALIZATION_PREFERS_STRING_CATALOGS = YES;
				MTL_ENABLE_DEBUG_INFO = INCLUDE_SOURCE;
				MTL_FAST_MATH = YES;
				ONLY_ACTIVE_ARCH = YES;
				SDKROOT = iphoneos;
				SWIFT_ACTIVE_COMPILATION_CONDITIONS = "DEBUG $(inherited)";
				SWIFT_OPTIMIZATION_LEVEL = "-Onone";
			};
			name = Debug;
		};
		78E385712E07BDA500277C3E /* Release */ = {
			isa = XCBuildConfiguration;
			buildSettings = {
				ALWAYS_SEARCH_USER_PATHS = NO;
				ASSETCATALOG_COMPILER_GENERATE_SWIFT_ASSET_SYMBOL_EXTENSIONS = YES;
				CLANG_ANALYZER_LOCALIZABILITY_NONLOCALIZED = YES;
				CLANG_ANALYZER_NONNULL = YES;
				CLANG_ANALYZER_NUMBER_OBJECT_CONVERSION = YES_AGGRESSIVE;
				CLANG_CXX_LANGUAGE_STANDARD = "gnu++20";
				CLANG_ENABLE_MODULES = YES;
				CLANG_ENABLE_OBJC_ARC = YES;
				CLANG_ENABLE_OBJC_WEAK = YES;
				CLANG_WARN_BLOCK_CAPTURE_AUTORELEASING = YES;
				CLANG_WARN_BOOL_CONVERSION = YES;
				CLANG_WARN_COMMA = YES;
				CLANG_WARN_CONSTANT_CONVERSION = YES;
				CLANG_WARN_DEPRECATED_OBJC_IMPLEMENTATIONS = YES;
				CLANG_WARN_DIRECT_OBJC_ISA_USAGE = YES_ERROR;
				CLANG_WARN_DOCUMENTATION_COMMENTS = YES;
				CLANG_WARN_EMPTY_BODY = YES;
				CLANG_WARN_ENUM_CONVERSION = YES;
				CLANG_WARN_INFINITE_RECURSION = YES;
				CLANG_WARN_INT_CONVERSION = YES;
				CLANG_WARN_NON_LITERAL_NULL_CONVERSION = YES;
				CLANG_WARN_OBJC_IMPLICIT_RETAIN_SELF = YES;
				CLANG_WARN_OBJC_LITERAL_CONVERSION = YES;
				CLANG_WARN_OBJC_ROOT_CLASS = YES_ERROR;
				CLANG_WARN_QUOTED_INCLUDE_IN_FRAMEWORK_HEADER = YES;
				CLANG_WARN_RANGE_LOOP_ANALYSIS = YES;
				CLANG_WARN_STRICT_PROTOTYPES = YES;
				CLANG_WARN_SUSPICIOUS_MOVE = YES;
				CLANG_WARN_UNGUARDED_AVAILABILITY = YES_AGGRESSIVE;
				CLANG_WARN_UNREACHABLE_CODE = YES;
				CLANG_WARN__DUPLICATE_METHOD_MATCH = YES;
				COPY_PHASE_STRIP = NO;
				DEBUG_INFORMATION_FORMAT = "dwarf-with-dsym";
				ENABLE_NS_ASSERTIONS = NO;
				ENABLE_STRICT_OBJC_MSGSEND = YES;
				ENABLE_USER_SCRIPT_SANDBOXING = YES;
				GCC_C_LANGUAGE_STANDARD = gnu17;
				GCC_NO_COMMON_BLOCKS = YES;
				GCC_WARN_64_TO_32_BIT_CONVERSION = YES;
				GCC_WARN_ABOUT_RETURN_TYPE = YES_ERROR;
				GCC_WARN_UNDECLARED_SELECTOR = YES;
				GCC_WARN_UNINITIALIZED_AUTOS = YES_AGGRESSIVE;
				GCC_WARN_UNUSED_FUNCTION = YES;
				GCC_WARN_UNUSED_VARIABLE = YES;
				IPHONEOS_DEPLOYMENT_TARGET = 18.2;
				LOCALIZATION_PREFERS_STRING_CATALOGS = YES;
				MTL_ENABLE_DEBUG_INFO = NO;
				MTL_FAST_MATH = YES;
				SDKROOT = iphoneos;
				SWIFT_COMPILATION_MODE = wholemodule;
				VALIDATE_PRODUCT = YES;
			};
			name = Release;
		};
		78E385732E07BDA500277C3E /* Debug */ = {
			isa = XCBuildConfiguration;
			buildSettings = {
				BUNDLE_LOADER = "$(TEST_HOST)";
				CODE_SIGN_STYLE = Automatic;
				CURRENT_PROJECT_VERSION = 1;
				GENERATE_INFOPLIST_FILE = YES;
				IPHONEOS_DEPLOYMENT_TARGET = 14.0;
				MARKETING_VERSION = 1.0;
				PRODUCT_BUNDLE_IDENTIFIER = com.cyeond.CydAssignmentTests;
				PRODUCT_NAME = "$(TARGET_NAME)";
				SUPPORTED_PLATFORMS = "iphoneos iphonesimulator";
				SUPPORTS_MACCATALYST = NO;
				SUPPORTS_XR_DESIGNED_FOR_IPHONE_IPAD = NO;
				SWIFT_EMIT_LOC_STRINGS = NO;
				SWIFT_VERSION = 5.0;
				TARGETED_DEVICE_FAMILY = 1;
				TEST_HOST = "$(BUILT_PRODUCTS_DIR)/CydAssignment.app/$(BUNDLE_EXECUTABLE_FOLDER_PATH)/CydAssignment";
			};
			name = Debug;
		};
		78E385742E07BDA500277C3E /* Release */ = {
			isa = XCBuildConfiguration;
			buildSettings = {
				BUNDLE_LOADER = "$(TEST_HOST)";
				CODE_SIGN_STYLE = Automatic;
				CURRENT_PROJECT_VERSION = 1;
				GENERATE_INFOPLIST_FILE = YES;
				IPHONEOS_DEPLOYMENT_TARGET = 14.0;
				MARKETING_VERSION = 1.0;
				PRODUCT_BUNDLE_IDENTIFIER = com.cyeond.CydAssignmentTests;
				PRODUCT_NAME = "$(TARGET_NAME)";
				SUPPORTED_PLATFORMS = "iphoneos iphonesimulator";
				SUPPORTS_MACCATALYST = NO;
				SUPPORTS_XR_DESIGNED_FOR_IPHONE_IPAD = NO;
				SWIFT_EMIT_LOC_STRINGS = NO;
				SWIFT_VERSION = 5.0;
				TARGETED_DEVICE_FAMILY = 1;
				TEST_HOST = "$(BUILT_PRODUCTS_DIR)/CydAssignment.app/$(BUNDLE_EXECUTABLE_FOLDER_PATH)/CydAssignment";
			};
			name = Release;
		};
		78E385762E07BDA500277C3E /* Debug */ = {
			isa = XCBuildConfiguration;
			buildSettings = {
				CODE_SIGN_STYLE = Automatic;
				CURRENT_PROJECT_VERSION = 1;
				GENERATE_INFOPLIST_FILE = YES;
				IPHONEOS_DEPLOYMENT_TARGET = 14.0;
				MARKETING_VERSION = 1.0;
				PRODUCT_BUNDLE_IDENTIFIER = com.cyeond.CydAssignmentUITests;
				PRODUCT_NAME = "$(TARGET_NAME)";
				SUPPORTED_PLATFORMS = "iphoneos iphonesimulator";
				SUPPORTS_MACCATALYST = NO;
				SUPPORTS_XR_DESIGNED_FOR_IPHONE_IPAD = NO;
				SWIFT_EMIT_LOC_STRINGS = NO;
				SWIFT_VERSION = 5.0;
				TARGETED_DEVICE_FAMILY = 1;
				TEST_TARGET_NAME = CydAssignment;
			};
			name = Debug;
		};
		78E385772E07BDA500277C3E /* Release */ = {
			isa = XCBuildConfiguration;
			buildSettings = {
				CODE_SIGN_STYLE = Automatic;
				CURRENT_PROJECT_VERSION = 1;
				GENERATE_INFOPLIST_FILE = YES;
				IPHONEOS_DEPLOYMENT_TARGET = 14.0;
				MARKETING_VERSION = 1.0;
				PRODUCT_BUNDLE_IDENTIFIER = com.cyeond.CydAssignmentUITests;
				PRODUCT_NAME = "$(TARGET_NAME)";
				SUPPORTED_PLATFORMS = "iphoneos iphonesimulator";
				SUPPORTS_MACCATALYST = NO;
				SUPPORTS_XR_DESIGNED_FOR_IPHONE_IPAD = NO;
				SWIFT_EMIT_LOC_STRINGS = NO;
				SWIFT_VERSION = 5.0;
				TARGETED_DEVICE_FAMILY = 1;
				TEST_TARGET_NAME = CydAssignment;
			};
			name = Release;
		};
/* End XCBuildConfiguration section */

/* Begin XCConfigurationList section */
		78E3853F2E07BDA400277C3E /* Build configuration list for PBXProject "CydAssignment" */ = {
			isa = XCConfigurationList;
			buildConfigurations = (
				78E385702E07BDA500277C3E /* Debug */,
				78E385712E07BDA500277C3E /* Release */,
			);
			defaultConfigurationIsVisible = 0;
			defaultConfigurationName = Release;
		};
		78E3856D2E07BDA500277C3E /* Build configuration list for PBXNativeTarget "CydAssignment" */ = {
			isa = XCConfigurationList;
			buildConfigurations = (
				78E3856E2E07BDA500277C3E /* Debug */,
				78E3856F2E07BDA500277C3E /* Release */,
			);
			defaultConfigurationIsVisible = 0;
			defaultConfigurationName = Release;
		};
		78E385722E07BDA500277C3E /* Build configuration list for PBXNativeTarget "CydAssignmentTests" */ = {
			isa = XCConfigurationList;
			buildConfigurations = (
				78E385732E07BDA500277C3E /* Debug */,
				78E385742E07BDA500277C3E /* Release */,
			);
			defaultConfigurationIsVisible = 0;
			defaultConfigurationName = Release;
		};
		78E385752E07BDA500277C3E /* Build configuration list for PBXNativeTarget "CydAssignmentUITests" */ = {
			isa = XCConfigurationList;
			buildConfigurations = (
				78E385762E07BDA500277C3E /* Debug */,
				78E385772E07BDA500277C3E /* Release */,
			);
			defaultConfigurationIsVisible = 0;
			defaultConfigurationName = Release;
		};
/* End XCConfigurationList section */

/* Begin XCSwiftPackageProductDependency section */
		78E386AE2E07D2B900277C3E /* CydCore */ = {
			isa = XCSwiftPackageProductDependency;
			productName = CydCore;
		};
		78E386B02E07D2BC00277C3E /* FeatureHome */ = {
			isa = XCSwiftPackageProductDependency;
			productName = FeatureHome;
		};
		78E386B22E07D2BD00277C3E /* FeatureHomeInterface */ = {
			isa = XCSwiftPackageProductDependency;
			productName = FeatureHomeInterface;
		};
		78E386CC2E07DD5700277C3E /* CydDesignSystem */ = {
			isa = XCSwiftPackageProductDependency;
			productName = CydDesignSystem;
		};
/* End XCSwiftPackageProductDependency section */
	};
	rootObject = 78E3853C2E07BDA400277C3E /* Project object */;
}
